
Microsoft Visual Studio Solution File, Format Version 12.00
# Visual Studio Version 16
VisualStudioVersion = 16.0.30907.101
MinimumVisualStudioVersion = 10.0.40219.1
Project("{FAE04EC0-301F-11D3-BF4B-00C04F79EFBC}") = "gitbranchingdemo", "gitbranchingdemo.csproj", "{2350A445-7F33-49A6-8B3E-C667056188C2}"
EndProject
Global
	GlobalSection(SolutionConfigurationPlatforms) = preSolution
		Debug|Any CPU = Debug|Any CPU
		Release|Any CPU = Release|Any CPU
	EndGlobalSection
	GlobalSection(ProjectConfigurationPlatforms) = postSolution
		{2350A445-7F33-49A6-8B3E-C667056188C2}.Debug|Any CPU.ActiveCfg = Debug|Any CPU
		{2350A445-7F33-49A6-8B3E-C667056188C2}.Debug|Any CPU.Build.0 = Debug|Any CPU
		{2350A445-7F33-49A6-8B3E-C667056188C2}.Release|Any CPU.ActiveCfg = Release|Any CPU
		{2350A445-7F33-49A6-8B3E-C667056188C2}.Release|Any CPU.Build.0 = Release|Any CPU
	EndGlobalSection
	GlobalSection(SolutionProperties) = preSolution
		HideSolutionNode = FALSE
	EndGlobalSection
	GlobalSection(ExtensibilityGlobals) = postSolution
		SolutionGuid = {64D42C96-4BF5-4533-91AF-62148B8B1AC2}
	EndGlobalSection
EndGlobal
